
Microsoft Visual Studio Solution File, Format Version 12.00
# Visual Studio 15
VisualStudioVersion = 15.0.27703.2035
MinimumVisualStudioVersion = 10.0.40219.1
Project("{9A19103F-16F7-4668-BE54-9A1E7A4F7556}") = "ConsulTest", "ConsulTest\ConsulTest.csproj", "{DA204E92-3D50-4B07-B247-EA5E4465E0BE}"
EndProject
Project("{E53339B2-1760-4266-BCC7-CA923CBCF16C}") = "docker-compose", "docker-compose.dcproj", "{FC1BF483-E44E-4F87-A8C7-90A4B34570F8}"
EndProject
Project("{FAE04EC0-301F-11D3-BF4B-00C04F79EFBC}") = "NoticeService", "NoticeService\NoticeService.csproj", "{F79B0630-0E5F-4395-BF0E-E0FB5C080D4D}"
EndProject
Global
	GlobalSection(SolutionConfigurationPlatforms) = preSolution
		Debug|Any CPU = Debug|Any CPU
		Release|Any CPU = Release|Any CPU
	EndGlobalSection
	GlobalSection(ProjectConfigurationPlatforms) = postSolution
		{DA204E92-3D50-4B07-B247-EA5E4465E0BE}.Debug|Any CPU.ActiveCfg = Debug|Any CPU
		{DA204E92-3D50-4B07-B247-EA5E4465E0BE}.Debug|Any CPU.Build.0 = Debug|Any CPU
		{DA204E92-3D50-4B07-B247-EA5E4465E0BE}.Release|Any CPU.ActiveCfg = Release|Any CPU
		{DA204E92-3D50-4B07-B247-EA5E4465E0BE}.Release|Any CPU.Build.0 = Release|Any CPU
		{FC1BF483-E44E-4F87-A8C7-90A4B34570F8}.Debug|Any CPU.ActiveCfg = Debug|Any CPU
		{FC1BF483-E44E-4F87-A8C7-90A4B34570F8}.Debug|Any CPU.Build.0 = Debug|Any CPU
		{FC1BF483-E44E-4F87-A8C7-90A4B34570F8}.Release|Any CPU.ActiveCfg = Release|Any CPU
		{FC1BF483-E44E-4F87-A8C7-90A4B34570F8}.Release|Any CPU.Build.0 = Release|Any CPU
		{F79B0630-0E5F-4395-BF0E-E0FB5C080D4D}.Debug|Any CPU.ActiveCfg = Debug|Any CPU
		{F79B0630-0E5F-4395-BF0E-E0FB5C080D4D}.Debug|Any CPU.Build.0 = Debug|Any CPU
		{F79B0630-0E5F-4395-BF0E-E0FB5C080D4D}.Release|Any CPU.ActiveCfg = Release|Any CPU
		{F79B0630-0E5F-4395-BF0E-E0FB5C080D4D}.Release|Any CPU.Build.0 = Release|Any CPU
	EndGlobalSection
	GlobalSection(SolutionProperties) = preSolution
		HideSolutionNode = FALSE
	EndGlobalSection
	GlobalSection(ExtensibilityGlobals) = postSolution
		SolutionGuid = {42884BA3-121B-413A-AAA1-BA4BA695FAF9}
	EndGlobalSection
EndGlobal
